// !$*UTF8*$!
{
	archiveVersion = 1;
	classes = {
	};
	objectVersion = 46;
	objects = {
		F513D909C76DEC1569693457 = {
			isa = PBXBuildFile;
			fileRef = DF0A4E028E768E2E060F0FDD;
		};
		E35B42B77456B92AD5868537 = {
			isa = PBXBuildFile;
			fileRef = B6A787E508148C9321D26E6A;
		};
		59C00B6C818824FBBA85AD11 = {
			isa = PBXBuildFile;
			fileRef = C5E4ECAECE23AC3216EFA8AC;
		};
		B78BFCDFA8C899798FEAE2F8 = {
			isa = PBXBuildFile;
			fileRef = 5FABFCEF1907B210E15C1A77;
		};
		3117D68D6B4CFA67DEE20116 = {
			isa = PBXBuildFile;
			fileRef = 5C442C35E06D88F242AABC26;
		};
		F4886B5B239C2DEE352892B6 = {
			isa = PBXBuildFile;
			fileRef = C99C50C07E668CCC0ED87F09;
		};
		995F78A215BFA43E363652D3 = {
			isa = PBXBuildFile;
			fileRef = 1AD88E6335A2C40599435408;
		};
		2879521C2B1B23B1F87B76B3 = {
			isa = PBXBuildFile;
			fileRef = 3B12199A51E09053AAAA1140;
		};
		B2DF961672AEA9C355AFFBFD = {
			isa = PBXBuildFile;
			fileRef = C7AB6E7BFB47688FE62DFD67;
		};
		6DABF9801BAF8ACB2590AB74 = {
			isa = PBXBuildFile;
			fileRef = F8B7F43AF4E0C31DC731DC18;
		};
		46883877ACD16B57F950B1B9 = {
			isa = PBXBuildFile;
			fileRef = 175AC61834F7D85BB130C24C;
		};
		80DABE2E1C6020EB5BEF338E = {
			isa = PBXBuildFile;
			fileRef = 2D73159C730D1054C29E643F;
		};
		5B196069F08EF514437054A6 = {
			isa = PBXBuildFile;
			fileRef = E9EACEF159F1310241AFC64E;
		};
		81E90718FA1762DE1F0DB102 = {
			isa = PBXBuildFile;
			fileRef = 136FC5C487676F6B0C529ED2;
		};
		2B40EDDBF552DBA99277FEF0 = {
			isa = PBXBuildFile;
			fileRef = 4F0091FF57521FD5AEAC48D7;
		};
		926C18C34C45C23C478F50E1 = {
			isa = PBXBuildFile;
			fileRef = F484A858446C4697C04F9260;
		};
		ACFBBE95851072D6E67B1262 = {
			isa = PBXBuildFile;
			fileRef = CCA40C78532B364134EF9745;
		};
		C054AAB9B961738F396F4E22 = {
			isa = PBXBuildFile;
			fileRef = 983A1EAEFB9DF60749CC4F15;
		};
		C02657EA12D4C1D43922A0C0 = {
			isa = PBXBuildFile;
			fileRef = B9A482789A9F774984EBCC29;
		};
		062F45F6CC0CC3FF4DEE2147 = {
			isa = PBXBuildFile;
			fileRef = FC45E626881083D27CD883E1;
		};
		BD254708825B47814CB74A7B = {
			isa = PBXBuildFile;
			fileRef = EC09AA45E8BCD89730741768;
		};
		32FF7360DC93639D22F1C880 = {
			isa = PBXBuildFile;
			fileRef = 49A7CF2F2697659CC94851C9;
		};
		C9603F6F261C6756A7D655B1 = {
			isa = PBXBuildFile;
			fileRef = 64B6AD6371221FBB68F952C6;
		};
		23745BB258D51A3271C2D6A9 = {
			isa = PBXBuildFile;
			fileRef = 150DE2DF72A542553CA56E52;
		};
		5C44D78C7B905703CAAEE726 = {
			isa = PBXBuildFile;
			fileRef = 307FE14A8BA7B58382A6702C;
		};
		76E224D59E1543F7B8BD6403 = {
			isa = PBXBuildFile;
			fileRef = 8DB157E57B3F92C7333F894C;
		};
		F65D7E4A4D63800C1FF1A24E = {
			isa = PBXBuildFile;
			fileRef = 0467EA392D004A01D2E6239D;
		};
		3FC95AEA85C4BDD5C18C81F6 = {
			isa = PBXBuildFile;
			fileRef = 1A0BE30458277259C244ACCA;
		};
		5A0F4F8B35FCC6667714BB91 = {
			isa = PBXBuildFile;
			fileRef = 70CBEC2191BA03AE3F9DCF4F;
		};
		3C9BF362CF7CC67FF7D2F113 = {
			isa = PBXBuildFile;
			fileRef = 529584589184B70F40D0A4B2;
		};
		A18A389862D29E682B0157A4 = {
			isa = PBXBuildFile;
			fileRef = BE3485DA657CA5C73A1C7732;
		};
		03E3FF510F9B10C4E6E5A42E = {
			isa = PBXFileReference;
			lastKnownFileType = sourcecode.c.h;
			name = PropConnectScreen.h;
			path = ../../Source/PropConnectScreen.h;
			sourceTree = "SOURCE_ROOT";
		};
		0467EA392D004A01D2E6239D = {
			isa = PBXFileReference;
			lastKnownFileType = sourcecode.cpp.objcpp;
			name = "include_juce_data_structures.mm";
			path = "../../JuceLibraryCode/include_juce_data_structures.mm";
			sourceTree = "SOURCE_ROOT";
		};
		136FC5C487676F6B0C529ED2 = {
			isa = PBXFileReference;
			lastKnownFileType = sourcecode.cpp.cpp;
			name = PropManager.cpp;
			path = ../../Source/PropManager.cpp;
			sourceTree = "SOURCE_ROOT";
		};
		150DE2DF72A542553CA56E52 = {
			isa = PBXFileReference;
			lastKnownFileType = sourcecode.cpp.cpp;
			name = Main.cpp;
			path = ../../Source/Main.cpp;
			sourceTree = "SOURCE_ROOT";
		};
		175AC61834F7D85BB130C24C = {
			isa = PBXFileReference;
			lastKnownFileType = sourcecode.c.c;
			name = "hid_osx.c";
			path = "../../Source/hid_osx.c";
			sourceTree = "SOURCE_ROOT";
		};
		1A0BE30458277259C244ACCA = {
			isa = PBXFileReference;
			lastKnownFileType = sourcecode.cpp.objcpp;
			name = "include_juce_events.mm";
			path = "../../JuceLibraryCode/include_juce_events.mm";
			sourceTree = "SOURCE_ROOT";
		};
		1AD88E6335A2C40599435408 = {
			isa = PBXFileReference;
			lastKnownFileType = file.nib;
			name = RecentFilesMenuTemplate.nib;
			path = RecentFilesMenuTemplate.nib;
			sourceTree = "SOURCE_ROOT";
		};
		1C8BDEA97B78E8160A462143 = {
			isa = PBXFileReference;
			lastKnownFileType = sourcecode.c.h;
			name = MainComponent.h;
			path = ../../Source/MainComponent.h;
			sourceTree = "SOURCE_ROOT";
		};
		29DD2FD3BCB13BFD182F1995 = {
			isa = PBXFileReference;
			lastKnownFileType = file;
			name = "juce_graphics";
			path = "~/JUCE/modules/juce_graphics";
			sourceTree = "<absolute>";
		};
		2A7E059AB40C57B4522DD93B = {
			isa = PBXFileReference;
			lastKnownFileType = sourcecode.c.h;
			name = PropManager.h;
			path = ../../Source/PropManager.h;
			sourceTree = "SOURCE_ROOT";
		};
		2D73159C730D1054C29E643F = {
			isa = PBXFileReference;
			lastKnownFileType = sourcecode.cpp.cpp;
			name = FirmwareManager.cpp;
			path = ../../Source/FirmwareManager.cpp;
			sourceTree = "SOURCE_ROOT";
		};
		307FE14A8BA7B58382A6702C = {
			isa = PBXFileReference;
			lastKnownFileType = sourcecode.cpp.cpp;
			name = BinaryData.cpp;
			path = ../../JuceLibraryCode/BinaryData.cpp;
			sourceTree = "SOURCE_ROOT";
		};
		312F84F0AE269DC67B9636A1 = {
			isa = PBXFileReference;
			lastKnownFileType = sourcecode.c.h;
			name = PropConstants.h;
			path = ../../Source/PropConstants.h;
			sourceTree = "SOURCE_ROOT";
		};
		38A659DD24CD28099FBC43ED = {
			isa = PBXFileReference;
			lastKnownFileType = sourcecode.c.h;
			name = FirmwareChooserScreen.h;
			path = ../../Source/FirmwareChooserScreen.h;
			sourceTree = "SOURCE_ROOT";
		};
		3B12199A51E09053AAAA1140 = {
			isa = PBXFileReference;
			lastKnownFileType = file.icns;
			name = Icon.icns;
			path = Icon.icns;
			sourceTree = "SOURCE_ROOT";
		};
		3EFA35DF28AD2304F835C18B = {
			isa = PBXFileReference;
			lastKnownFileType = file;
			name = "juce_core";
			path = "~/JUCE/modules/juce_core";
			sourceTree = "<absolute>";
		};
		42FD15A3A6EFA2432C9D804E = {
			isa = PBXFileReference;
			lastKnownFileType = sourcecode.c.h;
			name = AppConfig.h;
			path = ../../JuceLibraryCode/AppConfig.h;
			sourceTree = "SOURCE_ROOT";
		};
		441828CD1CA1A147839703D2 = {
			isa = PBXFileReference;
			lastKnownFileType = sourcecode.c.h;
			name = JuceHeader.h;
			path = ../../JuceLibraryCode/JuceHeader.h;
			sourceTree = "SOURCE_ROOT";
		};
		4779C5E73DE6C4DA69B8F872 = {
			isa = PBXFileReference;
			lastKnownFileType = sourcecode.c.h;
			name = AppUpdater.h;
			path = ../../Source/AppUpdater.h;
			sourceTree = "SOURCE_ROOT";
		};
		49A7CF2F2697659CC94851C9 = {
			isa = PBXFileReference;
			lastKnownFileType = sourcecode.cpp.cpp;
			name = UploadScreen.cpp;
			path = ../../Source/UploadScreen.cpp;
			sourceTree = "SOURCE_ROOT";
		};
		4C865C80D3E2E71FB082346B = {
			isa = PBXFileReference;
			lastKnownFileType = sourcecode.c.h;
			name = PropUI.h;
			path = ../../Source/PropUI.h;
			sourceTree = "SOURCE_ROOT";
		};
		4F0091FF57521FD5AEAC48D7 = {
			isa = PBXFileReference;
			lastKnownFileType = sourcecode.cpp.cpp;
			name = PropUI.cpp;
			path = ../../Source/PropUI.cpp;
			sourceTree = "SOURCE_ROOT";
		};
		529584589184B70F40D0A4B2 = {
			isa = PBXFileReference;
			lastKnownFileType = sourcecode.cpp.objcpp;
			name = "include_juce_gui_basics.mm";
			path = "../../JuceLibraryCode/include_juce_gui_basics.mm";
			sourceTree = "SOURCE_ROOT";
		};
		5C442C35E06D88F242AABC26 = {
			isa = PBXFileReference;
			lastKnownFileType = wrapper.framework;
			name = QuartzCore.framework;
			path = System/Library/Frameworks/QuartzCore.framework;
			sourceTree = SDKROOT;
		};
		5FABFCEF1907B210E15C1A77 = {
			isa = PBXFileReference;
			lastKnownFileType = wrapper.framework;
			name = IOKit.framework;
			path = System/Library/Frameworks/IOKit.framework;
			sourceTree = SDKROOT;
		};
		64B6AD6371221FBB68F952C6 = {
			isa = PBXFileReference;
			lastKnownFileType = sourcecode.cpp.cpp;
			name = MainComponent.cpp;
			path = ../../Source/MainComponent.cpp;
			sourceTree = "SOURCE_ROOT";
		};
		6672A2AD1726772C53633420 = {
			isa = PBXFileReference;
			lastKnownFileType = sourcecode.c.h;
			name = Screen.h;
			path = ../../Source/Screen.h;
			sourceTree = "SOURCE_ROOT";
		};
		70CBEC2191BA03AE3F9DCF4F = {
			isa = PBXFileReference;
			lastKnownFileType = sourcecode.cpp.objcpp;
			name = "include_juce_graphics.mm";
			path = "../../JuceLibraryCode/include_juce_graphics.mm";
			sourceTree = "SOURCE_ROOT";
		};
		7454C1A4DA3411E0936F710D = {
			isa = PBXFileReference;
			lastKnownFileType = file;
			name = "juce_data_structures";
			path = "~/JUCE/modules/juce_data_structures";
			sourceTree = "<absolute>";
		};
		818374413E9A1D5D81C24D07 = {
			isa = PBXFileReference;
			lastKnownFileType = file;
			name = "juce_events";
			path = "~/JUCE/modules/juce_events";
			sourceTree = "<absolute>";
		};
		88D9F600EE8FA8E4655A3D86 = {
			isa = PBXFileReference;
			lastKnownFileType = sourcecode.c.h;
			name = QueuedNotifier.h;
			path = ../../Source/QueuedNotifier.h;
			sourceTree = "SOURCE_ROOT";
		};
		89F43520611EE3CCB5C69904 = {
			isa = PBXFileReference;
			lastKnownFileType = sourcecode.c.h;
			name = PropChooserScreen.h;
			path = ../../Source/PropChooserScreen.h;
			sourceTree = "SOURCE_ROOT";
		};
		8DB157E57B3F92C7333F894C = {
			isa = PBXFileReference;
			lastKnownFileType = sourcecode.cpp.objcpp;
			name = "include_juce_core.mm";
			path = "../../JuceLibraryCode/include_juce_core.mm";
			sourceTree = "SOURCE_ROOT";
		};
		902808049D2E20C482D11B64 = {
			isa = PBXFileReference;
			lastKnownFileType = sourcecode.c.h;
			name = ScreenManager.h;
			path = ../../Source/ScreenManager.h;
			sourceTree = "SOURCE_ROOT";
		};
		9744A6D86CD30CB11A9C1F41 = {
			isa = PBXFileReference;
			lastKnownFileType = sourcecode.c.h;
			name = Prop.h;
			path = ../../Source/Prop.h;
			sourceTree = "SOURCE_ROOT";
		};
		983A1EAEFB9DF60749CC4F15 = {
			isa = PBXFileReference;
			lastKnownFileType = sourcecode.cpp.cpp;
			name = PropChooserScreen.cpp;
			path = ../../Source/PropChooserScreen.cpp;
			sourceTree = "SOURCE_ROOT";
		};
		9C7D2E09C95B9C7CFFE88E5D = {
			isa = PBXFileReference;
			lastKnownFileType = sourcecode.c.h;
			name = EndScreen.h;
			path = ../../Source/EndScreen.h;
			sourceTree = "SOURCE_ROOT";
		};
		A971E8E806E9F5F71546064C = {
			isa = PBXFileReference;
			lastKnownFileType = image.png;
			name = Club.png;
			path = ../../Resources/Club.png;
			sourceTree = "SOURCE_ROOT";
		};
		B6A787E508148C9321D26E6A = {
			isa = PBXFileReference;
			lastKnownFileType = wrapper.framework;
			name = Carbon.framework;
			path = System/Library/Frameworks/Carbon.framework;
			sourceTree = SDKROOT;
		};
		B9A482789A9F774984EBCC29 = {
			isa = PBXFileReference;
			lastKnownFileType = sourcecode.cpp.cpp;
			name = PropConnectScreen.cpp;
			path = ../../Source/PropConnectScreen.cpp;
			sourceTree = "SOURCE_ROOT";
		};
		BE3485DA657CA5C73A1C7732 = {
			isa = PBXFileReference;
			lastKnownFileType = sourcecode.cpp.objcpp;
			name = "include_juce_gui_extra.mm";
			path = "../../JuceLibraryCode/include_juce_gui_extra.mm";
			sourceTree = "SOURCE_ROOT";
		};
		C0FB990D7A03369EDBEFB34D = {
			isa = PBXFileReference;
			lastKnownFileType = file;
			name = "juce_gui_basics";
			path = "~/JUCE/modules/juce_gui_basics";
			sourceTree = "<absolute>";
		};
		C5226AE51A67E46A296747AC = {
			isa = PBXFileReference;
			lastKnownFileType = sourcecode.c.h;
			name = UploadScreen.h;
			path = ../../Source/UploadScreen.h;
			sourceTree = "SOURCE_ROOT";
		};
		C52FAA1618BD73E675A22D81 = {
			isa = PBXFileReference;
			lastKnownFileType = sourcecode.c.h;
			name = FirmwareManager.h;
			path = ../../Source/FirmwareManager.h;
			sourceTree = "SOURCE_ROOT";
		};
		C5E4ECAECE23AC3216EFA8AC = {
			isa = PBXFileReference;
			lastKnownFileType = wrapper.framework;
			name = Cocoa.framework;
			path = System/Library/Frameworks/Cocoa.framework;
			sourceTree = SDKROOT;
		};
		C7AB6E7BFB47688FE62DFD67 = {
			isa = PBXFileReference;
			lastKnownFileType = sourcecode.cpp.cpp;
			name = AppUpdater.cpp;
			path = ../../Source/AppUpdater.cpp;
			sourceTree = "SOURCE_ROOT";
		};
		C99C50C07E668CCC0ED87F09 = {
			isa = PBXFileReference;
			lastKnownFileType = wrapper.framework;
			name = WebKit.framework;
			path = System/Library/Frameworks/WebKit.framework;
			sourceTree = SDKROOT;
		};
		CCA40C78532B364134EF9745 = {
			isa = PBXFileReference;
			lastKnownFileType = sourcecode.cpp.cpp;
			name = FirmwareChooserScreen.cpp;
			path = ../../Source/FirmwareChooserScreen.cpp;
			sourceTree = "SOURCE_ROOT";
		};
		D9B52A6245D926A874B739DB = {
			isa = PBXFileReference;
			lastKnownFileType = image.png;
			name = icon.png;
			path = ../../Resources/icon.png;
			sourceTree = "SOURCE_ROOT";
		};
		DF0A4E028E768E2E060F0FDD = {
			isa = PBXFileReference;
			explicitFileType = wrapper.application;
			includeInIndex = 0;
			path = FlowtoysUpdater.app;
			sourceTree = "BUILT_PRODUCTS_DIR";
		};
		E5CDBF4112C754AA8FA91850 = {
			isa = PBXFileReference;
			lastKnownFileType = text.plist.xml;
			name = "Info-App.plist";
			path = "Info-App.plist";
			sourceTree = "SOURCE_ROOT";
		};
		E821BD5952225F98904446E2 = {
			isa = PBXFileReference;
			lastKnownFileType = image.png;
			name = Capsule.png;
			path = ../../Resources/Capsule.png;
			sourceTree = "SOURCE_ROOT";
		};
		E9EACEF159F1310241AFC64E = {
			isa = PBXFileReference;
			lastKnownFileType = sourcecode.cpp.cpp;
			name = Prop.cpp;
			path = ../../Source/Prop.cpp;
			sourceTree = "SOURCE_ROOT";
		};
		EC09AA45E8BCD89730741768 = {
			isa = PBXFileReference;
			lastKnownFileType = sourcecode.cpp.cpp;
			name = ScreenManager.cpp;
			path = ../../Source/ScreenManager.cpp;
			sourceTree = "SOURCE_ROOT";
		};
		F484A858446C4697C04F9260 = {
			isa = PBXFileReference;
			lastKnownFileType = sourcecode.cpp.cpp;
			name = EndScreen.cpp;
			path = ../../Source/EndScreen.cpp;
			sourceTree = "SOURCE_ROOT";
		};
		F69705A32AD622C85580F7A5 = {
			isa = PBXFileReference;
			lastKnownFileType = file;
			name = "juce_gui_extra";
			path = "~/JUCE/modules/juce_gui_extra";
			sourceTree = "<absolute>";
		};
		F8B7F43AF4E0C31DC731DC18 = {
			isa = PBXFileReference;
			lastKnownFileType = sourcecode.c.c;
			name = hid.c;
			path = ../../Source/hid.c;
			sourceTree = "SOURCE_ROOT";
		};
		FC45E626881083D27CD883E1 = {
			isa = PBXFileReference;
			lastKnownFileType = sourcecode.cpp.cpp;
			name = Screen.cpp;
			path = ../../Source/Screen.cpp;
			sourceTree = "SOURCE_ROOT";
		};
		FD9F7A3BE8C913F9DBE4AA40 = {
			isa = PBXFileReference;
			lastKnownFileType = sourcecode.c.h;
			name = BinaryData.h;
			path = ../../JuceLibraryCode/BinaryData.h;
			sourceTree = "SOURCE_ROOT";
		};
		EA794EA20C134C443CC163A2 = {
			isa = PBXGroup;
			children = (
				F8B7F43AF4E0C31DC731DC18,
				175AC61834F7D85BB130C24C,
			);
			name = lib;
			sourceTree = "<group>";
		};
		5D0CCB9145CCF716FEC63788 = {
			isa = PBXGroup;
			children = (
				E821BD5952225F98904446E2,
				A971E8E806E9F5F71546064C,
				D9B52A6245D926A874B739DB,
			);
			name = Resources;
			sourceTree = "<group>";
		};
		7B65976D1D76E42C6980F463 = {
			isa = PBXGroup;
			children = (
				2D73159C730D1054C29E643F,
				C52FAA1618BD73E675A22D81,
			);
			name = Firmware;
			sourceTree = "<group>";
		};
		57F7323D4FCEDDECCE411B86 = {
			isa = PBXGroup;
			children = (
				E9EACEF159F1310241AFC64E,
				9744A6D86CD30CB11A9C1F41,
				312F84F0AE269DC67B9636A1,
				136FC5C487676F6B0C529ED2,
				2A7E059AB40C57B4522DD93B,
				4F0091FF57521FD5AEAC48D7,
				4C865C80D3E2E71FB082346B,
			);
			name = Prop;
			sourceTree = "<group>";
		};
		0B30A4FF6E5745696E7391D6 = {
			isa = PBXGroup;
			children = (
				F484A858446C4697C04F9260,
				9C7D2E09C95B9C7CFFE88E5D,
				CCA40C78532B364134EF9745,
				38A659DD24CD28099FBC43ED,
				983A1EAEFB9DF60749CC4F15,
				89F43520611EE3CCB5C69904,
				B9A482789A9F774984EBCC29,
				03E3FF510F9B10C4E6E5A42E,
				FC45E626881083D27CD883E1,
				6672A2AD1726772C53633420,
				EC09AA45E8BCD89730741768,
				902808049D2E20C482D11B64,
				49A7CF2F2697659CC94851C9,
				C5226AE51A67E46A296747AC,
			);
			name = Screens;
			sourceTree = "<group>";
		};
		509A26AD0A95BF2D99CA0BE6 = {
			isa = PBXGroup;
			children = (
				C7AB6E7BFB47688FE62DFD67,
				4779C5E73DE6C4DA69B8F872,
				88D9F600EE8FA8E4655A3D86,
				EA794EA20C134C443CC163A2,
				5D0CCB9145CCF716FEC63788,
				7B65976D1D76E42C6980F463,
				57F7323D4FCEDDECCE411B86,
				0B30A4FF6E5745696E7391D6,
				1C8BDEA97B78E8160A462143,
				64B6AD6371221FBB68F952C6,
				150DE2DF72A542553CA56E52,
			);
			name = Source;
			sourceTree = "<group>";
		};
		4DCE426579A2B4619BB9DC02 = {
			isa = PBXGroup;
			children = (
				509A26AD0A95BF2D99CA0BE6,
			);
			name = FlowtoysUpdater;
			sourceTree = "<group>";
		};
		0512D0161EFD93A5222AB44F = {
			isa = PBXGroup;
			children = (
				3EFA35DF28AD2304F835C18B,
				7454C1A4DA3411E0936F710D,
				818374413E9A1D5D81C24D07,
				29DD2FD3BCB13BFD182F1995,
				C0FB990D7A03369EDBEFB34D,
				F69705A32AD622C85580F7A5,
			);
			name = "JUCE Modules";
			sourceTree = "<group>";
		};
		407E8C006E80A3E7B6EEAA4E = {
			isa = PBXGroup;
			children = (
				42FD15A3A6EFA2432C9D804E,
				307FE14A8BA7B58382A6702C,
				FD9F7A3BE8C913F9DBE4AA40,
				8DB157E57B3F92C7333F894C,
				0467EA392D004A01D2E6239D,
				1A0BE30458277259C244ACCA,
				70CBEC2191BA03AE3F9DCF4F,
				529584589184B70F40D0A4B2,
				BE3485DA657CA5C73A1C7732,
				441828CD1CA1A147839703D2,
			);
			name = "JUCE Library Code";
			sourceTree = "<group>";
		};
		52E98AADED8FCD9AF5AE2AC8 = {
			isa = PBXGroup;
			children = (
				E5CDBF4112C754AA8FA91850,
				1AD88E6335A2C40599435408,
				3B12199A51E09053AAAA1140,
			);
			name = Resources;
			sourceTree = "<group>";
		};
		9C8E91B624B802BA9B09F44D = {
			isa = PBXGroup;
			children = (
				B6A787E508148C9321D26E6A,
				C5E4ECAECE23AC3216EFA8AC,
				5FABFCEF1907B210E15C1A77,
				5C442C35E06D88F242AABC26,
				C99C50C07E668CCC0ED87F09,
			);
			name = Frameworks;
			sourceTree = "<group>";
		};
		EDF8334DC548E01D5FA501D6 = {
			isa = PBXGroup;
			children = (
				DF0A4E028E768E2E060F0FDD,
			);
			name = Products;
			sourceTree = "<group>";
		};
		B43680290B55A95EC9EA31AF = {
			isa = PBXGroup;
			children = (
				4DCE426579A2B4619BB9DC02,
				0512D0161EFD93A5222AB44F,
				407E8C006E80A3E7B6EEAA4E,
				52E98AADED8FCD9AF5AE2AC8,
				9C8E91B624B802BA9B09F44D,
				EDF8334DC548E01D5FA501D6,
			);
			name = Source;
			sourceTree = "<group>";
		};
		0146F3D39BC0297A5F0E87AE = {
			isa = XCBuildConfiguration;
			buildSettings = {
				CLANG_CXX_LANGUAGE_STANDARD = "c++14";
				CLANG_CXX_LIBRARY = "libc++";
				CLANG_LINK_OBJC_RUNTIME = NO;
				COMBINE_HIDPI_IMAGES = YES;
				CONFIGURATION_BUILD_DIR = "$(PROJECT_DIR)/build/$(CONFIGURATION)";
				COPY_PHASE_STRIP = NO;
				GCC_DYNAMIC_NO_PIC = NO;
				GCC_OPTIMIZATION_LEVEL = 0;
				GCC_PREPROCESSOR_DEFINITIONS = (
					"_DEBUG=1",
					"DEBUG=1",
					"JUCER_XCODE_MAC_F6D2F4CF=1",
					"JUCE_APP_VERSION=1.0.13",
					"JUCE_APP_VERSION_HEX=0x1000d",
					"JucePlugin_Build_VST=0",
					"JucePlugin_Build_VST3=0",
					"JucePlugin_Build_AU=0",
					"JucePlugin_Build_AUv3=0",
					"JucePlugin_Build_RTAS=0",
					"JucePlugin_Build_AAX=0",
					"JucePlugin_Build_Standalone=0",
					"JucePlugin_Build_Unity=0",
				);
				GCC_VERSION = com.apple.compilers.llvm.clang.1_0;
				HEADER_SEARCH_PATHS = (
					"../../JuceLibraryCode",
					"$(HOME)/JUCE/modules",
					"../../External/hidapi/include",
					"$(inherited)",
				);
				INFOPLIST_FILE = Info-App.plist;
				INFOPLIST_PREPROCESS = NO;
				INSTALL_PATH = "$(HOME)/Applications";
				MACOSX_DEPLOYMENT_TARGET = 10.7;
				PRODUCT_BUNDLE_IDENTIFIER = com.benkuper.flowtoysupdater;
				PRODUCT_NAME = "FlowtoysUpdater";
				USE_HEADERMAP = NO;
			};
			name = Debug;
		};
		018970279F3DC5F9D6551D3B = {
			isa = XCBuildConfiguration;
			buildSettings = {
				CLANG_CXX_LANGUAGE_STANDARD = "c++14";
				CLANG_CXX_LIBRARY = "libc++";
				CLANG_LINK_OBJC_RUNTIME = NO;
				COMBINE_HIDPI_IMAGES = YES;
				CONFIGURATION_BUILD_DIR = "$(PROJECT_DIR)/build/$(CONFIGURATION)";
				DEAD_CODE_STRIPPING = YES;
				GCC_GENERATE_DEBUGGING_SYMBOLS = NO;
				GCC_OPTIMIZATION_LEVEL = 3;
				GCC_PREPROCESSOR_DEFINITIONS = (
					"_NDEBUG=1",
					"NDEBUG=1",
					"JUCER_XCODE_MAC_F6D2F4CF=1",
					"JUCE_APP_VERSION=1.0.13",
					"JUCE_APP_VERSION_HEX=0x1000d",
					"JucePlugin_Build_VST=0",
					"JucePlugin_Build_VST3=0",
					"JucePlugin_Build_AU=0",
					"JucePlugin_Build_AUv3=0",
					"JucePlugin_Build_RTAS=0",
					"JucePlugin_Build_AAX=0",
					"JucePlugin_Build_Standalone=0",
					"JucePlugin_Build_Unity=0",
				);
				GCC_SYMBOLS_PRIVATE_EXTERN = YES;
				GCC_VERSION = com.apple.compilers.llvm.clang.1_0;
				HEADER_SEARCH_PATHS = (
					"../../JuceLibraryCode",
					"$(HOME)/JUCE/modules",
					"../../External/hidapi/include",
					"$(inherited)",
				);
				INFOPLIST_FILE = Info-App.plist;
				INFOPLIST_PREPROCESS = NO;
				INSTALL_PATH = "$(HOME)/Applications";
				LLVM_LTO = YES;
				MACOSX_DEPLOYMENT_TARGET = 10.7;
				PRODUCT_BUNDLE_IDENTIFIER = com.benkuper.flowtoysupdater;
				PRODUCT_NAME = "FlowtoysUpdater";
				USE_HEADERMAP = NO;
			};
			name = Release;
		};
		6560F33F5E3782B04B3541D5 = {
			isa = XCBuildConfiguration;
			buildSettings = {
				ALWAYS_SEARCH_USER_PATHS = NO;
				CLANG_ENABLE_OBJC_WEAK = YES;
				CLANG_WARN_BLOCK_CAPTURE_AUTORELEASING = YES;
				CLANG_WARN_BOOL_CONVERSION = YES;
				CLANG_WARN_COMMA = YES;
				CLANG_WARN_CONSTANT_CONVERSION = YES;
				CLANG_WARN_DEPRECATED_OBJC_IMPLEMENTATIONS = YES;
				CLANG_WARN_EMPTY_BODY = YES;
				CLANG_WARN_ENUM_CONVERSION = YES;
				CLANG_WARN_INFINITE_RECURSION = YES;
				CLANG_WARN_INT_CONVERSION = YES;
				CLANG_WARN_NON_LITERAL_NULL_CONVERSION = YES;
				CLANG_WARN_OBJC_IMPLICIT_RETAIN_SELF = YES;
				CLANG_WARN_OBJC_LITERAL_CONVERSION = YES;
				CLANG_WARN_RANGE_LOOP_ANALYSIS = YES;
				CLANG_WARN_STRICT_PROTOTYPES = YES;
				CLANG_WARN_SUSPICIOUS_MOVE = YES;
				CLANG_WARN_UNREACHABLE_CODE = YES;
				CLANG_WARN__DUPLICATE_METHOD_MATCH = YES;
				DEBUG_INFORMATION_FORMAT = "dwarf";
				ENABLE_STRICT_OBJC_MSGSEND = YES;
				ENABLE_TESTABILITY = YES;
				GCC_C_LANGUAGE_STANDARD = c11;
				GCC_INLINES_ARE_PRIVATE_EXTERN = YES;
				GCC_MODEL_TUNING = G5;
				GCC_NO_COMMON_BLOCKS = YES;
				GCC_WARN_64_TO_32_BIT_CONVERSION = YES;
				GCC_WARN_ABOUT_RETURN_TYPE = YES;
				GCC_WARN_CHECK_SWITCH_STATEMENTS = YES;
				GCC_WARN_MISSING_PARENTHESES = YES;
				GCC_WARN_NON_VIRTUAL_DESTRUCTOR = YES;
				GCC_WARN_TYPECHECK_CALLS_TO_PRINTF = YES;
				GCC_WARN_UNDECLARED_SELECTOR = YES;
				GCC_WARN_UNINITIALIZED_AUTOS = YES;
				GCC_WARN_UNUSED_FUNCTION = YES;
				GCC_WARN_UNUSED_VARIABLE = YES;
				ONLY_ACTIVE_ARCH = YES;
				PRODUCT_NAME = "FlowtoysUpdater";
				WARNING_CFLAGS = -Wreorder;
				ZERO_LINK = NO;
			};
			name = Debug;
		};
		979D753FEFC15FBFF1C1E398 = {
			isa = XCBuildConfiguration;
			buildSettings = {
				ALWAYS_SEARCH_USER_PATHS = NO;
				CLANG_ENABLE_OBJC_WEAK = YES;
				CLANG_WARN_BLOCK_CAPTURE_AUTORELEASING = YES;
				CLANG_WARN_BOOL_CONVERSION = YES;
				CLANG_WARN_COMMA = YES;
				CLANG_WARN_CONSTANT_CONVERSION = YES;
				CLANG_WARN_DEPRECATED_OBJC_IMPLEMENTATIONS = YES;
				CLANG_WARN_EMPTY_BODY = YES;
				CLANG_WARN_ENUM_CONVERSION = YES;
				CLANG_WARN_INFINITE_RECURSION = YES;
				CLANG_WARN_INT_CONVERSION = YES;
				CLANG_WARN_NON_LITERAL_NULL_CONVERSION = YES;
				CLANG_WARN_OBJC_IMPLICIT_RETAIN_SELF = YES;
				CLANG_WARN_OBJC_LITERAL_CONVERSION = YES;
				CLANG_WARN_RANGE_LOOP_ANALYSIS = YES;
				CLANG_WARN_STRICT_PROTOTYPES = YES;
				CLANG_WARN_SUSPICIOUS_MOVE = YES;
				CLANG_WARN_UNREACHABLE_CODE = YES;
				CLANG_WARN__DUPLICATE_METHOD_MATCH = YES;
				DEBUG_INFORMATION_FORMAT = "dwarf";
				ENABLE_STRICT_OBJC_MSGSEND = YES;
				GCC_C_LANGUAGE_STANDARD = c11;
				GCC_INLINES_ARE_PRIVATE_EXTERN = YES;
				GCC_MODEL_TUNING = G5;
				GCC_NO_COMMON_BLOCKS = YES;
				GCC_WARN_64_TO_32_BIT_CONVERSION = YES;
				GCC_WARN_ABOUT_RETURN_TYPE = YES;
				GCC_WARN_CHECK_SWITCH_STATEMENTS = YES;
				GCC_WARN_MISSING_PARENTHESES = YES;
				GCC_WARN_NON_VIRTUAL_DESTRUCTOR = YES;
				GCC_WARN_TYPECHECK_CALLS_TO_PRINTF = YES;
				GCC_WARN_UNDECLARED_SELECTOR = YES;
				GCC_WARN_UNINITIALIZED_AUTOS = YES;
				GCC_WARN_UNUSED_FUNCTION = YES;
				GCC_WARN_UNUSED_VARIABLE = YES;
				PRODUCT_NAME = "FlowtoysUpdater";
				WARNING_CFLAGS = -Wreorder;
				ZERO_LINK = NO;
			};
			name = Release;
		};
		431823AA1A1F00E160AA9BB8 = {
			isa = PBXTargetDependency;
			target = D1CE8C679BA0F022FF0286FF;
		};
		71FF756447AF3A4573D00865 = {
			isa = XCConfigurationList;
			buildConfigurations = (
				6560F33F5E3782B04B3541D5,
				979D753FEFC15FBFF1C1E398,
			);
			defaultConfigurationIsVisible = 0;
			defaultConfigurationName = Debug;
		};
		689470849610234BD7B5007B = {
			isa = XCConfigurationList;
			buildConfigurations = (
				0146F3D39BC0297A5F0E87AE,
				018970279F3DC5F9D6551D3B,
			);
			defaultConfigurationIsVisible = 0;
			defaultConfigurationName = Debug;
		};
		BC45201958E3149890913D0F = {
			isa = PBXResourcesBuildPhase;
			buildActionMask = 2147483647;
			files = (
				995F78A215BFA43E363652D3,
				2879521C2B1B23B1F87B76B3,
			);
			runOnlyForDeploymentPostprocessing = 0;
		};
		228C0F2C8873FEDE0733ADA8 = {
			isa = PBXSourcesBuildPhase;
			buildActionMask = 2147483647;
			files = (
				B2DF961672AEA9C355AFFBFD,
				6DABF9801BAF8ACB2590AB74,
				46883877ACD16B57F950B1B9,
				80DABE2E1C6020EB5BEF338E,
				5B196069F08EF514437054A6,
				81E90718FA1762DE1F0DB102,
				2B40EDDBF552DBA99277FEF0,
				926C18C34C45C23C478F50E1,
				ACFBBE95851072D6E67B1262,
				C054AAB9B961738F396F4E22,
				C02657EA12D4C1D43922A0C0,
				062F45F6CC0CC3FF4DEE2147,
				BD254708825B47814CB74A7B,
				32FF7360DC93639D22F1C880,
				C9603F6F261C6756A7D655B1,
				23745BB258D51A3271C2D6A9,
				5C44D78C7B905703CAAEE726,
				76E224D59E1543F7B8BD6403,
				F65D7E4A4D63800C1FF1A24E,
				3FC95AEA85C4BDD5C18C81F6,
				5A0F4F8B35FCC6667714BB91,
				3C9BF362CF7CC67FF7D2F113,
				A18A389862D29E682B0157A4,
			);
			runOnlyForDeploymentPostprocessing = 0;
		};
		334868DE9A9B10417E8BA918 = {
			isa = PBXFrameworksBuildPhase;
			buildActionMask = 2147483647;
			files = (
				E35B42B77456B92AD5868537,
				59C00B6C818824FBBA85AD11,
				B78BFCDFA8C899798FEAE2F8,
				3117D68D6B4CFA67DEE20116,
				F4886B5B239C2DEE352892B6,
			);
			runOnlyForDeploymentPostprocessing = 0;
		};
		D1CE8C679BA0F022FF0286FF = {
			isa = PBXNativeTarget;
			buildConfigurationList = 689470849610234BD7B5007B;
			buildPhases = (
				BC45201958E3149890913D0F,
				228C0F2C8873FEDE0733ADA8,
				334868DE9A9B10417E8BA918,
			);
			buildRules = ( );
			dependencies = ( );
			name = "FlowtoysUpdater - App";
			productName = FlowtoysUpdater;
			productReference = DF0A4E028E768E2E060F0FDD;
			productType = "com.apple.product-type.application";
		};
		40760C72379C17321B65F995 = {
			isa = PBXProject;
			buildConfigurationList = 71FF756447AF3A4573D00865;
			attributes = { LastUpgradeCheck = 0930; ORGANIZATIONNAME = ""; TargetAttributes = { D1CE8C679BA0F022FF0286FF = { SystemCapabilities = {com.apple.ApplicationGroups.iOS = { enabled = 0; }; com.apple.InAppPurchase = { enabled = 0; }; com.apple.InterAppAudio = { enabled = 0; }; com.apple.Push = { enabled = 0; }; com.apple.Sandbox = { enabled = 0; }; }; }; }; };
			compatibilityVersion = "Xcode 3.2";
			hasScannedForEncodings = 0;
			mainGroup = B43680290B55A95EC9EA31AF;
			projectDirPath = "";
			projectRoot = "";
			targets = (D1CE8C679BA0F022FF0286FF);
		};
	};
	rootObject = 40760C72379C17321B65F995;
}
